
Microsoft Visual Studio Solution File, Format Version 12.00
# Visual Studio 2012
Project("{2150E333-8FDC-42A3-9474-1A3956D46DE8}") = "Examples", "Examples", "{E2E6A6A8-5342-4850-A86E-6B1E153EBABC}"
EndProject
Project("{2150E333-8FDC-42A3-9474-1A3956D46DE8}") = "Tests", "Tests", "{4ABF1E81-6B70-40B3-AB38-D69597B69192}"
EndProject
Project("{FAE04EC0-301F-11D3-BF4B-00C04F79EFBC}") = "AdRotatorNuGetPackager", "AdRotatorNuGetPackager\AdRotatorNuGetPackager.csproj", "{0451BAEF-DF2E-4B98-8644-94EE9415E389}"
EndProject
Project("{FAE04EC0-301F-11D3-BF4B-00C04F79EFBC}") = "AdRotator", "AdRotator\AdRotator.Core.Legacy.csproj", "{170B13CC-30B9-405C-A032-CF1A6B5F8277}"
EndProject
Project("{FAE04EC0-301F-11D3-BF4B-00C04F79EFBC}") = "AdRotator.Windows8", "AdRotator\Clients\Windows8\AdRotator.Windows8.csproj", "{31829403-E429-4753-BF39-4CA00C7061E8}"
EndProject
Project("{FAE04EC0-301F-11D3-BF4B-00C04F79EFBC}") = "AdRotator.WinPhone7", "AdRotator\Clients\WinPhone7\AdRotator.WinPhone7.csproj", "{0804BD51-07FF-407B-8CDA-A92039509D1C}"
EndProject
Project("{FAE04EC0-301F-11D3-BF4B-00C04F79EFBC}") = "AdRotator.WinPhone8", "AdRotator\Clients\WinPhone8\AdRotator.WinPhone8.csproj", "{7D456892-7A65-4FE7-AA0A-821982FC2E70}"
EndProject
Project("{FAE04EC0-301F-11D3-BF4B-00C04F79EFBC}") = "AdRotator.AdDescriptorCreator", "AdRotator.AdDescriptorCreator\AdRotator.AdDescriptorCreator.csproj", "{9E6D6E82-D66B-4452-93C4-262CE00B9815}"
EndProject
Project("{FAE04EC0-301F-11D3-BF4B-00C04F79EFBC}") = "AdRotator.Examples.Windows8", "Examples\AdRotator.Examples.Windows8\AdRotator.Examples.Windows8.csproj", "{04C0A865-AB86-419B-9D73-6D8BD8BEA3C9}"
EndProject
Project("{FAE04EC0-301F-11D3-BF4B-00C04F79EFBC}") = "AdRotator.UnitTests", "Tests\AdRotator.UnitTests\AdRotator.UnitTests.csproj", "{A1432A44-A637-4BA2-89BF-B772F39B17AF}"
EndProject
Project("{FAE04EC0-301F-11D3-BF4B-00C04F79EFBC}") = "AdRotator.Examples.WinPhone7", "Examples\AdRotator.Examples.WinPhone7\AdRotator.Examples.WinPhone7.csproj", "{EAD7641B-EF06-4781-A015-4529EF19DBD7}"
EndProject
Project("{FAE04EC0-301F-11D3-BF4B-00C04F79EFBC}") = "AdRotator.Examples.WinPhone8", "Examples\AdRotator.Examples.WinPhone8\AdRotator.Examples.WinPhone8.csproj", "{B3D94F2E-6999-44C3-94E4-172FB8BE301A}"
EndProject
Project("{2150E333-8FDC-42A3-9474-1A3956D46DE8}") = ".nuget", ".nuget", "{40AC4AC7-1799-4B1C-86E4-7A96046DE980}"
	ProjectSection(SolutionItems) = preProject
		.nuget\NuGet.Config = .nuget\NuGet.Config
		.nuget\NuGet.exe = .nuget\NuGet.exe
		.nuget\NuGet.targets = .nuget\NuGet.targets
	EndProjectSection
EndProject
Global
	GlobalSection(SolutionConfigurationPlatforms) = preSolution
		CI|Any CPU = CI|Any CPU
		CI|ARM = CI|ARM
		CI|Mixed Platforms = CI|Mixed Platforms
		CI|Windows Phone = CI|Windows Phone
		CI|x64 = CI|x64
		CI|x86 = CI|x86
		Debug|Any CPU = Debug|Any CPU
		Debug|ARM = Debug|ARM
		Debug|Mixed Platforms = Debug|Mixed Platforms
		Debug|Windows Phone = Debug|Windows Phone
		Debug|x64 = Debug|x64
		Debug|x86 = Debug|x86
		Release|Any CPU = Release|Any CPU
		Release|ARM = Release|ARM
		Release|Mixed Platforms = Release|Mixed Platforms
		Release|Windows Phone = Release|Windows Phone
		Release|x64 = Release|x64
		Release|x86 = Release|x86
	EndGlobalSection
	GlobalSection(ProjectConfigurationPlatforms) = postSolution
		{0451BAEF-DF2E-4B98-8644-94EE9415E389}.CI|Any CPU.ActiveCfg = Release|Any CPU
		{0451BAEF-DF2E-4B98-8644-94EE9415E389}.CI|Any CPU.Build.0 = Release|Any CPU
		{0451BAEF-DF2E-4B98-8644-94EE9415E389}.CI|ARM.ActiveCfg = Release|Any CPU
		{0451BAEF-DF2E-4B98-8644-94EE9415E389}.CI|Mixed Platforms.ActiveCfg = Release|Any CPU
		{0451BAEF-DF2E-4B98-8644-94EE9415E389}.CI|Mixed Platforms.Build.0 = Release|Any CPU
		{0451BAEF-DF2E-4B98-8644-94EE9415E389}.CI|Windows Phone.ActiveCfg = Release|Any CPU
		{0451BAEF-DF2E-4B98-8644-94EE9415E389}.CI|x64.ActiveCfg = Release|Any CPU
		{0451BAEF-DF2E-4B98-8644-94EE9415E389}.CI|x86.ActiveCfg = Release|Any CPU
		{0451BAEF-DF2E-4B98-8644-94EE9415E389}.Debug|Any CPU.ActiveCfg = Debug|Any CPU
		{0451BAEF-DF2E-4B98-8644-94EE9415E389}.Debug|ARM.ActiveCfg = Debug|Any CPU
		{0451BAEF-DF2E-4B98-8644-94EE9415E389}.Debug|Mixed Platforms.ActiveCfg = Debug|Any CPU
		{0451BAEF-DF2E-4B98-8644-94EE9415E389}.Debug|Windows Phone.ActiveCfg = Debug|Any CPU
		{0451BAEF-DF2E-4B98-8644-94EE9415E389}.Debug|x64.ActiveCfg = Debug|Any CPU
		{0451BAEF-DF2E-4B98-8644-94EE9415E389}.Debug|x86.ActiveCfg = Debug|Any CPU
		{0451BAEF-DF2E-4B98-8644-94EE9415E389}.Release|Any CPU.ActiveCfg = Release|Any CPU
		{0451BAEF-DF2E-4B98-8644-94EE9415E389}.Release|ARM.ActiveCfg = Release|Any CPU
		{0451BAEF-DF2E-4B98-8644-94EE9415E389}.Release|Mixed Platforms.ActiveCfg = Release|Any CPU
		{0451BAEF-DF2E-4B98-8644-94EE9415E389}.Release|Windows Phone.ActiveCfg = Release|Any CPU
		{0451BAEF-DF2E-4B98-8644-94EE9415E389}.Release|x64.ActiveCfg = Release|Any CPU
		{0451BAEF-DF2E-4B98-8644-94EE9415E389}.Release|x86.ActiveCfg = Release|Any CPU
		{170B13CC-30B9-405C-A032-CF1A6B5F8277}.CI|Any CPU.ActiveCfg = Release|Any CPU
		{170B13CC-30B9-405C-A032-CF1A6B5F8277}.CI|Any CPU.Build.0 = Release|Any CPU
		{170B13CC-30B9-405C-A032-CF1A6B5F8277}.CI|ARM.ActiveCfg = Release|Any CPU
		{170B13CC-30B9-405C-A032-CF1A6B5F8277}.CI|Mixed Platforms.ActiveCfg = Release|Any CPU
		{170B13CC-30B9-405C-A032-CF1A6B5F8277}.CI|Mixed Platforms.Build.0 = Release|Any CPU
		{170B13CC-30B9-405C-A032-CF1A6B5F8277}.CI|Windows Phone.ActiveCfg = Release|Any CPU
		{170B13CC-30B9-405C-A032-CF1A6B5F8277}.CI|x64.ActiveCfg = Release|Any CPU
		{170B13CC-30B9-405C-A032-CF1A6B5F8277}.CI|x86.ActiveCfg = Release|Any CPU
		{170B13CC-30B9-405C-A032-CF1A6B5F8277}.Debug|Any CPU.ActiveCfg = Debug|Any CPU
		{170B13CC-30B9-405C-A032-CF1A6B5F8277}.Debug|Any CPU.Build.0 = Debug|Any CPU
		{170B13CC-30B9-405C-A032-CF1A6B5F8277}.Debug|ARM.ActiveCfg = Debug|Any CPU
		{170B13CC-30B9-405C-A032-CF1A6B5F8277}.Debug|Mixed Platforms.ActiveCfg = Debug|Any CPU
		{170B13CC-30B9-405C-A032-CF1A6B5F8277}.Debug|Mixed Platforms.Build.0 = Debug|Any CPU
		{170B13CC-30B9-405C-A032-CF1A6B5F8277}.Debug|Windows Phone.ActiveCfg = Debug|Any CPU
		{170B13CC-30B9-405C-A032-CF1A6B5F8277}.Debug|Windows Phone.Build.0 = Debug|Any CPU
		{170B13CC-30B9-405C-A032-CF1A6B5F8277}.Debug|x64.ActiveCfg = Debug|Any CPU
		{170B13CC-30B9-405C-A032-CF1A6B5F8277}.Debug|x86.ActiveCfg = Debug|Any CPU
		{170B13CC-30B9-405C-A032-CF1A6B5F8277}.Release|Any CPU.ActiveCfg = Release|Any CPU
		{170B13CC-30B9-405C-A032-CF1A6B5F8277}.Release|Any CPU.Build.0 = Release|Any CPU
		{170B13CC-30B9-405C-A032-CF1A6B5F8277}.Release|ARM.ActiveCfg = Release|Any CPU
		{170B13CC-30B9-405C-A032-CF1A6B5F8277}.Release|ARM.Build.0 = Release|Any CPU
		{170B13CC-30B9-405C-A032-CF1A6B5F8277}.Release|Mixed Platforms.ActiveCfg = Release|Any CPU
		{170B13CC-30B9-405C-A032-CF1A6B5F8277}.Release|Mixed Platforms.Build.0 = Release|Any CPU
		{170B13CC-30B9-405C-A032-CF1A6B5F8277}.Release|Windows Phone.ActiveCfg = Release|Any CPU
		{170B13CC-30B9-405C-A032-CF1A6B5F8277}.Release|Windows Phone.Build.0 = Release|Any CPU
		{170B13CC-30B9-405C-A032-CF1A6B5F8277}.Release|x64.ActiveCfg = Release|Any CPU
		{170B13CC-30B9-405C-A032-CF1A6B5F8277}.Release|x64.Build.0 = Release|Any CPU
		{170B13CC-30B9-405C-A032-CF1A6B5F8277}.Release|x86.ActiveCfg = Release|Any CPU
		{170B13CC-30B9-405C-A032-CF1A6B5F8277}.Release|x86.Build.0 = Release|Any CPU
		{31829403-E429-4753-BF39-4CA00C7061E8}.CI|Any CPU.ActiveCfg = Release|Any CPU
		{31829403-E429-4753-BF39-4CA00C7061E8}.CI|Any CPU.Build.0 = Release|Any CPU
		{31829403-E429-4753-BF39-4CA00C7061E8}.CI|ARM.ActiveCfg = Release|ARM
		{31829403-E429-4753-BF39-4CA00C7061E8}.CI|ARM.Build.0 = Release|ARM
		{31829403-E429-4753-BF39-4CA00C7061E8}.CI|Mixed Platforms.ActiveCfg = Release|x86
		{31829403-E429-4753-BF39-4CA00C7061E8}.CI|Mixed Platforms.Build.0 = Release|x86
		{31829403-E429-4753-BF39-4CA00C7061E8}.CI|Windows Phone.ActiveCfg = Release|Any CPU
		{31829403-E429-4753-BF39-4CA00C7061E8}.CI|x64.ActiveCfg = Release|x64
		{31829403-E429-4753-BF39-4CA00C7061E8}.CI|x64.Build.0 = Release|x64
		{31829403-E429-4753-BF39-4CA00C7061E8}.CI|x86.ActiveCfg = Release|x86
		{31829403-E429-4753-BF39-4CA00C7061E8}.CI|x86.Build.0 = Release|x86
		{31829403-E429-4753-BF39-4CA00C7061E8}.Debug|Any CPU.ActiveCfg = Debug|Any CPU
		{31829403-E429-4753-BF39-4CA00C7061E8}.Debug|Any CPU.Build.0 = Debug|Any CPU
		{31829403-E429-4753-BF39-4CA00C7061E8}.Debug|ARM.ActiveCfg = Debug|ARM
		{31829403-E429-4753-BF39-4CA00C7061E8}.Debug|ARM.Build.0 = Debug|ARM
		{31829403-E429-4753-BF39-4CA00C7061E8}.Debug|Mixed Platforms.ActiveCfg = Debug|x86
		{31829403-E429-4753-BF39-4CA00C7061E8}.Debug|Mixed Platforms.Build.0 = Debug|x86
		{31829403-E429-4753-BF39-4CA00C7061E8}.Debug|Windows Phone.ActiveCfg = Debug|Any CPU
		{31829403-E429-4753-BF39-4CA00C7061E8}.Debug|x64.ActiveCfg = Debug|x64
		{31829403-E429-4753-BF39-4CA00C7061E8}.Debug|x64.Build.0 = Debug|x64
		{31829403-E429-4753-BF39-4CA00C7061E8}.Debug|x86.ActiveCfg = Debug|x86
		{31829403-E429-4753-BF39-4CA00C7061E8}.Debug|x86.Build.0 = Debug|x86
		{31829403-E429-4753-BF39-4CA00C7061E8}.Release|Any CPU.ActiveCfg = Release|Any CPU
		{31829403-E429-4753-BF39-4CA00C7061E8}.Release|Any CPU.Build.0 = Release|Any CPU
		{31829403-E429-4753-BF39-4CA00C7061E8}.Release|ARM.ActiveCfg = Release|ARM
		{31829403-E429-4753-BF39-4CA00C7061E8}.Release|ARM.Build.0 = Release|ARM
		{31829403-E429-4753-BF39-4CA00C7061E8}.Release|Mixed Platforms.ActiveCfg = Release|x86
		{31829403-E429-4753-BF39-4CA00C7061E8}.Release|Mixed Platforms.Build.0 = Release|x86
		{31829403-E429-4753-BF39-4CA00C7061E8}.Release|Windows Phone.ActiveCfg = Release|Any CPU
		{31829403-E429-4753-BF39-4CA00C7061E8}.Release|x64.ActiveCfg = Release|x64
		{31829403-E429-4753-BF39-4CA00C7061E8}.Release|x64.Build.0 = Release|x64
		{31829403-E429-4753-BF39-4CA00C7061E8}.Release|x86.ActiveCfg = Release|x86
		{31829403-E429-4753-BF39-4CA00C7061E8}.Release|x86.Build.0 = Release|x86
		{0804BD51-07FF-407B-8CDA-A92039509D1C}.CI|Any CPU.ActiveCfg = Release|Any CPU
		{0804BD51-07FF-407B-8CDA-A92039509D1C}.CI|Any CPU.Build.0 = Release|Any CPU
		{0804BD51-07FF-407B-8CDA-A92039509D1C}.CI|ARM.ActiveCfg = Debug|ARM
		{0804BD51-07FF-407B-8CDA-A92039509D1C}.CI|ARM.Build.0 = Debug|ARM
		{0804BD51-07FF-407B-8CDA-A92039509D1C}.CI|Mixed Platforms.ActiveCfg = Debug|x86
		{0804BD51-07FF-407B-8CDA-A92039509D1C}.CI|Mixed Platforms.Build.0 = Debug|x86
		{0804BD51-07FF-407B-8CDA-A92039509D1C}.CI|Windows Phone.ActiveCfg = Release|Any CPU
		{0804BD51-07FF-407B-8CDA-A92039509D1C}.CI|x64.ActiveCfg = Release|Any CPU
		{0804BD51-07FF-407B-8CDA-A92039509D1C}.CI|x86.ActiveCfg = Debug|x86
		{0804BD51-07FF-407B-8CDA-A92039509D1C}.CI|x86.Build.0 = Debug|x86
		{0804BD51-07FF-407B-8CDA-A92039509D1C}.Debug|Any CPU.ActiveCfg = Debug|Any CPU
		{0804BD51-07FF-407B-8CDA-A92039509D1C}.Debug|Any CPU.Build.0 = Debug|Any CPU
		{0804BD51-07FF-407B-8CDA-A92039509D1C}.Debug|ARM.ActiveCfg = Debug|Any CPU
		{0804BD51-07FF-407B-8CDA-A92039509D1C}.Debug|Mixed Platforms.ActiveCfg = Debug|Any CPU
		{0804BD51-07FF-407B-8CDA-A92039509D1C}.Debug|Mixed Platforms.Build.0 = Debug|Any CPU
		{0804BD51-07FF-407B-8CDA-A92039509D1C}.Debug|Windows Phone.ActiveCfg = Debug|Any CPU
		{0804BD51-07FF-407B-8CDA-A92039509D1C}.Debug|Windows Phone.Build.0 = Debug|Any CPU
		{0804BD51-07FF-407B-8CDA-A92039509D1C}.Debug|x64.ActiveCfg = Debug|Any CPU
		{0804BD51-07FF-407B-8CDA-A92039509D1C}.Debug|x86.ActiveCfg = Debug|Any CPU
		{0804BD51-07FF-407B-8CDA-A92039509D1C}.Release|Any CPU.ActiveCfg = Release|Any CPU
		{0804BD51-07FF-407B-8CDA-A92039509D1C}.Release|Any CPU.Build.0 = Release|Any CPU
		{0804BD51-07FF-407B-8CDA-A92039509D1C}.Release|ARM.ActiveCfg = Release|ARM
		{0804BD51-07FF-407B-8CDA-A92039509D1C}.Release|ARM.Build.0 = Release|ARM
		{0804BD51-07FF-407B-8CDA-A92039509D1C}.Release|Mixed Platforms.ActiveCfg = Release|Any CPU
		{0804BD51-07FF-407B-8CDA-A92039509D1C}.Release|Mixed Platforms.Build.0 = Release|Any CPU
		{0804BD51-07FF-407B-8CDA-A92039509D1C}.Release|Windows Phone.ActiveCfg = Release|Any CPU
		{0804BD51-07FF-407B-8CDA-A92039509D1C}.Release|Windows Phone.Build.0 = Release|Any CPU
		{0804BD51-07FF-407B-8CDA-A92039509D1C}.Release|x64.ActiveCfg = Release|Any CPU
		{0804BD51-07FF-407B-8CDA-A92039509D1C}.Release|x86.ActiveCfg = Release|x86
		{0804BD51-07FF-407B-8CDA-A92039509D1C}.Release|x86.Build.0 = Release|x86
		{7D456892-7A65-4FE7-AA0A-821982FC2E70}.CI|Any CPU.ActiveCfg = Release|Any CPU
		{7D456892-7A65-4FE7-AA0A-821982FC2E70}.CI|Any CPU.Build.0 = Release|Any CPU
		{7D456892-7A65-4FE7-AA0A-821982FC2E70}.CI|ARM.ActiveCfg = Release|ARM
		{7D456892-7A65-4FE7-AA0A-821982FC2E70}.CI|ARM.Build.0 = Release|ARM
		{7D456892-7A65-4FE7-AA0A-821982FC2E70}.CI|Mixed Platforms.ActiveCfg = Release|x86
		{7D456892-7A65-4FE7-AA0A-821982FC2E70}.CI|Mixed Platforms.Build.0 = Release|x86
		{7D456892-7A65-4FE7-AA0A-821982FC2E70}.CI|Windows Phone.ActiveCfg = Release|Any CPU
		{7D456892-7A65-4FE7-AA0A-821982FC2E70}.CI|x64.ActiveCfg = Release|Any CPU
		{7D456892-7A65-4FE7-AA0A-821982FC2E70}.CI|x86.ActiveCfg = Release|x86
		{7D456892-7A65-4FE7-AA0A-821982FC2E70}.CI|x86.Build.0 = Release|x86
		{7D456892-7A65-4FE7-AA0A-821982FC2E70}.Debug|Any CPU.ActiveCfg = Debug|Any CPU
		{7D456892-7A65-4FE7-AA0A-821982FC2E70}.Debug|Any CPU.Build.0 = Debug|Any CPU
		{7D456892-7A65-4FE7-AA0A-821982FC2E70}.Debug|ARM.ActiveCfg = Debug|ARM
		{7D456892-7A65-4FE7-AA0A-821982FC2E70}.Debug|ARM.Build.0 = Debug|ARM
		{7D456892-7A65-4FE7-AA0A-821982FC2E70}.Debug|Mixed Platforms.ActiveCfg = Debug|x86
		{7D456892-7A65-4FE7-AA0A-821982FC2E70}.Debug|Mixed Platforms.Build.0 = Debug|x86
		{7D456892-7A65-4FE7-AA0A-821982FC2E70}.Debug|Windows Phone.ActiveCfg = Debug|Any CPU
		{7D456892-7A65-4FE7-AA0A-821982FC2E70}.Debug|Windows Phone.Build.0 = Debug|Any CPU
		{7D456892-7A65-4FE7-AA0A-821982FC2E70}.Debug|x64.ActiveCfg = Debug|Any CPU
		{7D456892-7A65-4FE7-AA0A-821982FC2E70}.Debug|x86.ActiveCfg = Debug|x86
		{7D456892-7A65-4FE7-AA0A-821982FC2E70}.Debug|x86.Build.0 = Debug|x86
		{7D456892-7A65-4FE7-AA0A-821982FC2E70}.Release|Any CPU.ActiveCfg = Release|Any CPU
		{7D456892-7A65-4FE7-AA0A-821982FC2E70}.Release|Any CPU.Build.0 = Release|Any CPU
		{7D456892-7A65-4FE7-AA0A-821982FC2E70}.Release|ARM.ActiveCfg = Release|ARM
		{7D456892-7A65-4FE7-AA0A-821982FC2E70}.Release|ARM.Build.0 = Release|ARM
		{7D456892-7A65-4FE7-AA0A-821982FC2E70}.Release|Mixed Platforms.ActiveCfg = Release|x86
		{7D456892-7A65-4FE7-AA0A-821982FC2E70}.Release|Mixed Platforms.Build.0 = Release|x86
		{7D456892-7A65-4FE7-AA0A-821982FC2E70}.Release|Windows Phone.ActiveCfg = Release|Any CPU
		{7D456892-7A65-4FE7-AA0A-821982FC2E70}.Release|Windows Phone.Build.0 = Release|Any CPU
		{7D456892-7A65-4FE7-AA0A-821982FC2E70}.Release|x64.ActiveCfg = Release|Any CPU
		{7D456892-7A65-4FE7-AA0A-821982FC2E70}.Release|x86.ActiveCfg = Release|x86
		{7D456892-7A65-4FE7-AA0A-821982FC2E70}.Release|x86.Build.0 = Release|x86
		{9E6D6E82-D66B-4452-93C4-262CE00B9815}.CI|Any CPU.ActiveCfg = Release|Any CPU
		{9E6D6E82-D66B-4452-93C4-262CE00B9815}.CI|Any CPU.Build.0 = Release|Any CPU
		{9E6D6E82-D66B-4452-93C4-262CE00B9815}.CI|ARM.ActiveCfg = Release|Any CPU
		{9E6D6E82-D66B-4452-93C4-262CE00B9815}.CI|Mixed Platforms.ActiveCfg = Release|Any CPU
		{9E6D6E82-D66B-4452-93C4-262CE00B9815}.CI|Mixed Platforms.Build.0 = Release|Any CPU
		{9E6D6E82-D66B-4452-93C4-262CE00B9815}.CI|Windows Phone.ActiveCfg = Release|Any CPU
		{9E6D6E82-D66B-4452-93C4-262CE00B9815}.CI|x64.ActiveCfg = Release|Any CPU
		{9E6D6E82-D66B-4452-93C4-262CE00B9815}.CI|x86.ActiveCfg = Release|Any CPU
		{9E6D6E82-D66B-4452-93C4-262CE00B9815}.Debug|Any CPU.ActiveCfg = Debug|Any CPU
		{9E6D6E82-D66B-4452-93C4-262CE00B9815}.Debug|Any CPU.Build.0 = Debug|Any CPU
		{9E6D6E82-D66B-4452-93C4-262CE00B9815}.Debug|ARM.ActiveCfg = Debug|Any CPU
		{9E6D6E82-D66B-4452-93C4-262CE00B9815}.Debug|Mixed Platforms.ActiveCfg = Debug|Any CPU
		{9E6D6E82-D66B-4452-93C4-262CE00B9815}.Debug|Mixed Platforms.Build.0 = Debug|Any CPU
		{9E6D6E82-D66B-4452-93C4-262CE00B9815}.Debug|Windows Phone.ActiveCfg = Debug|Any CPU
		{9E6D6E82-D66B-4452-93C4-262CE00B9815}.Debug|x64.ActiveCfg = Debug|Any CPU
		{9E6D6E82-D66B-4452-93C4-262CE00B9815}.Debug|x86.ActiveCfg = Debug|Any CPU
		{9E6D6E82-D66B-4452-93C4-262CE00B9815}.Release|Any CPU.ActiveCfg = Release|Any CPU
		{9E6D6E82-D66B-4452-93C4-262CE00B9815}.Release|ARM.ActiveCfg = Release|Any CPU
		{9E6D6E82-D66B-4452-93C4-262CE00B9815}.Release|Mixed Platforms.ActiveCfg = Release|Any CPU
		{9E6D6E82-D66B-4452-93C4-262CE00B9815}.Release|Windows Phone.ActiveCfg = Release|Any CPU
		{9E6D6E82-D66B-4452-93C4-262CE00B9815}.Release|x64.ActiveCfg = Release|Any CPU
		{9E6D6E82-D66B-4452-93C4-262CE00B9815}.Release|x86.ActiveCfg = Release|Any CPU
		{04C0A865-AB86-419B-9D73-6D8BD8BEA3C9}.CI|Any CPU.ActiveCfg = Release|Any CPU
		{04C0A865-AB86-419B-9D73-6D8BD8BEA3C9}.CI|Any CPU.Build.0 = Release|Any CPU
		{04C0A865-AB86-419B-9D73-6D8BD8BEA3C9}.CI|Any CPU.Deploy.0 = Release|Any CPU
		{04C0A865-AB86-419B-9D73-6D8BD8BEA3C9}.CI|ARM.ActiveCfg = Release|ARM
		{04C0A865-AB86-419B-9D73-6D8BD8BEA3C9}.CI|ARM.Build.0 = Release|ARM
		{04C0A865-AB86-419B-9D73-6D8BD8BEA3C9}.CI|ARM.Deploy.0 = Release|ARM
		{04C0A865-AB86-419B-9D73-6D8BD8BEA3C9}.CI|Mixed Platforms.ActiveCfg = Release|x86
		{04C0A865-AB86-419B-9D73-6D8BD8BEA3C9}.CI|Mixed Platforms.Build.0 = Release|x86
		{04C0A865-AB86-419B-9D73-6D8BD8BEA3C9}.CI|Mixed Platforms.Deploy.0 = Release|x86
		{04C0A865-AB86-419B-9D73-6D8BD8BEA3C9}.CI|Windows Phone.ActiveCfg = Release|Any CPU
		{04C0A865-AB86-419B-9D73-6D8BD8BEA3C9}.CI|x64.ActiveCfg = Release|x64
		{04C0A865-AB86-419B-9D73-6D8BD8BEA3C9}.CI|x64.Build.0 = Release|x64
		{04C0A865-AB86-419B-9D73-6D8BD8BEA3C9}.CI|x64.Deploy.0 = Release|x64
		{04C0A865-AB86-419B-9D73-6D8BD8BEA3C9}.CI|x86.ActiveCfg = Release|x86
		{04C0A865-AB86-419B-9D73-6D8BD8BEA3C9}.CI|x86.Build.0 = Release|x86
		{04C0A865-AB86-419B-9D73-6D8BD8BEA3C9}.CI|x86.Deploy.0 = Release|x86
		{04C0A865-AB86-419B-9D73-6D8BD8BEA3C9}.Debug|Any CPU.ActiveCfg = Debug|Any CPU
		{04C0A865-AB86-419B-9D73-6D8BD8BEA3C9}.Debug|Any CPU.Build.0 = Debug|Any CPU
		{04C0A865-AB86-419B-9D73-6D8BD8BEA3C9}.Debug|Any CPU.Deploy.0 = Debug|Any CPU
		{04C0A865-AB86-419B-9D73-6D8BD8BEA3C9}.Debug|ARM.ActiveCfg = Debug|ARM
		{04C0A865-AB86-419B-9D73-6D8BD8BEA3C9}.Debug|ARM.Build.0 = Debug|ARM
		{04C0A865-AB86-419B-9D73-6D8BD8BEA3C9}.Debug|ARM.Deploy.0 = Debug|ARM
		{04C0A865-AB86-419B-9D73-6D8BD8BEA3C9}.Debug|Mixed Platforms.ActiveCfg = Debug|x86
		{04C0A865-AB86-419B-9D73-6D8BD8BEA3C9}.Debug|Mixed Platforms.Build.0 = Debug|x86
		{04C0A865-AB86-419B-9D73-6D8BD8BEA3C9}.Debug|Mixed Platforms.Deploy.0 = Debug|x86
		{04C0A865-AB86-419B-9D73-6D8BD8BEA3C9}.Debug|Windows Phone.ActiveCfg = Debug|Any CPU
		{04C0A865-AB86-419B-9D73-6D8BD8BEA3C9}.Debug|x64.ActiveCfg = Debug|x64
		{04C0A865-AB86-419B-9D73-6D8BD8BEA3C9}.Debug|x64.Build.0 = Debug|x64
		{04C0A865-AB86-419B-9D73-6D8BD8BEA3C9}.Debug|x64.Deploy.0 = Debug|x64
		{04C0A865-AB86-419B-9D73-6D8BD8BEA3C9}.Debug|x86.ActiveCfg = Debug|x86
		{04C0A865-AB86-419B-9D73-6D8BD8BEA3C9}.Debug|x86.Build.0 = Debug|x86
		{04C0A865-AB86-419B-9D73-6D8BD8BEA3C9}.Debug|x86.Deploy.0 = Debug|x86
		{04C0A865-AB86-419B-9D73-6D8BD8BEA3C9}.Release|Any CPU.ActiveCfg = Release|Any CPU
		{04C0A865-AB86-419B-9D73-6D8BD8BEA3C9}.Release|Any CPU.Build.0 = Release|Any CPU
		{04C0A865-AB86-419B-9D73-6D8BD8BEA3C9}.Release|Any CPU.Deploy.0 = Release|Any CPU
		{04C0A865-AB86-419B-9D73-6D8BD8BEA3C9}.Release|ARM.ActiveCfg = Release|ARM
		{04C0A865-AB86-419B-9D73-6D8BD8BEA3C9}.Release|Mixed Platforms.ActiveCfg = Release|x86
		{04C0A865-AB86-419B-9D73-6D8BD8BEA3C9}.Release|Windows Phone.ActiveCfg = Release|Any CPU
		{04C0A865-AB86-419B-9D73-6D8BD8BEA3C9}.Release|x64.ActiveCfg = Release|x64
		{04C0A865-AB86-419B-9D73-6D8BD8BEA3C9}.Release|x86.ActiveCfg = Release|x86
		{04C0A865-AB86-419B-9D73-6D8BD8BEA3C9}.Release|x86.Build.0 = Release|x86
		{04C0A865-AB86-419B-9D73-6D8BD8BEA3C9}.Release|x86.Deploy.0 = Release|x86
		{A1432A44-A637-4BA2-89BF-B772F39B17AF}.CI|Any CPU.ActiveCfg = Release|Any CPU
		{A1432A44-A637-4BA2-89BF-B772F39B17AF}.CI|Any CPU.Build.0 = Release|Any CPU
		{A1432A44-A637-4BA2-89BF-B772F39B17AF}.CI|ARM.ActiveCfg = Release|Any CPU
		{A1432A44-A637-4BA2-89BF-B772F39B17AF}.CI|Mixed Platforms.ActiveCfg = Release|Any CPU
		{A1432A44-A637-4BA2-89BF-B772F39B17AF}.CI|Mixed Platforms.Build.0 = Release|Any CPU
		{A1432A44-A637-4BA2-89BF-B772F39B17AF}.CI|Windows Phone.ActiveCfg = Release|Any CPU
		{A1432A44-A637-4BA2-89BF-B772F39B17AF}.CI|x64.ActiveCfg = Release|Any CPU
		{A1432A44-A637-4BA2-89BF-B772F39B17AF}.CI|x86.ActiveCfg = Release|Any CPU
		{A1432A44-A637-4BA2-89BF-B772F39B17AF}.Debug|Any CPU.ActiveCfg = Debug|Any CPU
		{A1432A44-A637-4BA2-89BF-B772F39B17AF}.Debug|Any CPU.Build.0 = Debug|Any CPU
		{A1432A44-A637-4BA2-89BF-B772F39B17AF}.Debug|ARM.ActiveCfg = Debug|Any CPU
		{A1432A44-A637-4BA2-89BF-B772F39B17AF}.Debug|Mixed Platforms.ActiveCfg = Debug|Any CPU
		{A1432A44-A637-4BA2-89BF-B772F39B17AF}.Debug|Mixed Platforms.Build.0 = Debug|Any CPU
		{A1432A44-A637-4BA2-89BF-B772F39B17AF}.Debug|Windows Phone.ActiveCfg = Debug|Any CPU
		{A1432A44-A637-4BA2-89BF-B772F39B17AF}.Debug|x64.ActiveCfg = Debug|Any CPU
		{A1432A44-A637-4BA2-89BF-B772F39B17AF}.Debug|x86.ActiveCfg = Debug|Any CPU
		{A1432A44-A637-4BA2-89BF-B772F39B17AF}.Release|Any CPU.ActiveCfg = Release|Any CPU
		{A1432A44-A637-4BA2-89BF-B772F39B17AF}.Release|Any CPU.Build.0 = Release|Any CPU
		{A1432A44-A637-4BA2-89BF-B772F39B17AF}.Release|ARM.ActiveCfg = Release|Any CPU
		{A1432A44-A637-4BA2-89BF-B772F39B17AF}.Release|Mixed Platforms.ActiveCfg = Release|Any CPU
		{A1432A44-A637-4BA2-89BF-B772F39B17AF}.Release|Mixed Platforms.Build.0 = Release|Any CPU
		{A1432A44-A637-4BA2-89BF-B772F39B17AF}.Release|Windows Phone.ActiveCfg = Release|Any CPU
		{A1432A44-A637-4BA2-89BF-B772F39B17AF}.Release|x64.ActiveCfg = Release|Any CPU
		{A1432A44-A637-4BA2-89BF-B772F39B17AF}.Release|x86.ActiveCfg = Release|Any CPU
		{EAD7641B-EF06-4781-A015-4529EF19DBD7}.CI|Any CPU.ActiveCfg = Release|Any CPU
		{EAD7641B-EF06-4781-A015-4529EF19DBD7}.CI|Any CPU.Build.0 = Release|Any CPU
		{EAD7641B-EF06-4781-A015-4529EF19DBD7}.CI|Any CPU.Deploy.0 = Release|Any CPU
		{EAD7641B-EF06-4781-A015-4529EF19DBD7}.CI|ARM.ActiveCfg = Release|ARM
		{EAD7641B-EF06-4781-A015-4529EF19DBD7}.CI|ARM.Build.0 = Release|ARM
		{EAD7641B-EF06-4781-A015-4529EF19DBD7}.CI|ARM.Deploy.0 = Release|ARM
		{EAD7641B-EF06-4781-A015-4529EF19DBD7}.CI|Mixed Platforms.ActiveCfg = Release|x86
		{EAD7641B-EF06-4781-A015-4529EF19DBD7}.CI|Mixed Platforms.Build.0 = Release|x86
		{EAD7641B-EF06-4781-A015-4529EF19DBD7}.CI|Mixed Platforms.Deploy.0 = Release|x86
		{EAD7641B-EF06-4781-A015-4529EF19DBD7}.CI|Windows Phone.ActiveCfg = Release|Any CPU
		{EAD7641B-EF06-4781-A015-4529EF19DBD7}.CI|x64.ActiveCfg = Release|Any CPU
		{EAD7641B-EF06-4781-A015-4529EF19DBD7}.CI|x86.ActiveCfg = Release|x86
		{EAD7641B-EF06-4781-A015-4529EF19DBD7}.CI|x86.Build.0 = Release|x86
		{EAD7641B-EF06-4781-A015-4529EF19DBD7}.CI|x86.Deploy.0 = Release|x86
		{EAD7641B-EF06-4781-A015-4529EF19DBD7}.Debug|Any CPU.ActiveCfg = Debug|Any CPU
		{EAD7641B-EF06-4781-A015-4529EF19DBD7}.Debug|Any CPU.Build.0 = Debug|Any CPU
		{EAD7641B-EF06-4781-A015-4529EF19DBD7}.Debug|Any CPU.Deploy.0 = Debug|Any CPU
		{EAD7641B-EF06-4781-A015-4529EF19DBD7}.Debug|ARM.ActiveCfg = Debug|Any CPU
		{EAD7641B-EF06-4781-A015-4529EF19DBD7}.Debug|Mixed Platforms.ActiveCfg = Debug|Any CPU
		{EAD7641B-EF06-4781-A015-4529EF19DBD7}.Debug|Mixed Platforms.Build.0 = Debug|Any CPU
		{EAD7641B-EF06-4781-A015-4529EF19DBD7}.Debug|Mixed Platforms.Deploy.0 = Debug|Any CPU
		{EAD7641B-EF06-4781-A015-4529EF19DBD7}.Debug|Windows Phone.ActiveCfg = Debug|Any CPU
		{EAD7641B-EF06-4781-A015-4529EF19DBD7}.Debug|Windows Phone.Build.0 = Debug|Any CPU
		{EAD7641B-EF06-4781-A015-4529EF19DBD7}.Debug|x64.ActiveCfg = Debug|Any CPU
		{EAD7641B-EF06-4781-A015-4529EF19DBD7}.Debug|x86.ActiveCfg = Debug|Any CPU
		{EAD7641B-EF06-4781-A015-4529EF19DBD7}.Release|Any CPU.ActiveCfg = Release|Any CPU
		{EAD7641B-EF06-4781-A015-4529EF19DBD7}.Release|Any CPU.Build.0 = Release|Any CPU
		{EAD7641B-EF06-4781-A015-4529EF19DBD7}.Release|Any CPU.Deploy.0 = Release|Any CPU
		{EAD7641B-EF06-4781-A015-4529EF19DBD7}.Release|ARM.ActiveCfg = Release|Any CPU
		{EAD7641B-EF06-4781-A015-4529EF19DBD7}.Release|ARM.Build.0 = Release|Any CPU
		{EAD7641B-EF06-4781-A015-4529EF19DBD7}.Release|ARM.Deploy.0 = Release|Any CPU
		{EAD7641B-EF06-4781-A015-4529EF19DBD7}.Release|Mixed Platforms.ActiveCfg = Release|Any CPU
		{EAD7641B-EF06-4781-A015-4529EF19DBD7}.Release|Windows Phone.ActiveCfg = Release|Any CPU
		{EAD7641B-EF06-4781-A015-4529EF19DBD7}.Release|Windows Phone.Build.0 = Release|Any CPU
		{EAD7641B-EF06-4781-A015-4529EF19DBD7}.Release|x64.ActiveCfg = Release|Any CPU
		{EAD7641B-EF06-4781-A015-4529EF19DBD7}.Release|x86.ActiveCfg = Release|Any CPU
		{EAD7641B-EF06-4781-A015-4529EF19DBD7}.Release|x86.Build.0 = Release|Any CPU
		{EAD7641B-EF06-4781-A015-4529EF19DBD7}.Release|x86.Deploy.0 = Release|Any CPU
		{B3D94F2E-6999-44C3-94E4-172FB8BE301A}.CI|Any CPU.ActiveCfg = Release|Any CPU
		{B3D94F2E-6999-44C3-94E4-172FB8BE301A}.CI|Any CPU.Build.0 = Release|Any CPU
		{B3D94F2E-6999-44C3-94E4-172FB8BE301A}.CI|Any CPU.Deploy.0 = Release|Any CPU
		{B3D94F2E-6999-44C3-94E4-172FB8BE301A}.CI|ARM.ActiveCfg = Release|ARM
		{B3D94F2E-6999-44C3-94E4-172FB8BE301A}.CI|ARM.Build.0 = Release|ARM
		{B3D94F2E-6999-44C3-94E4-172FB8BE301A}.CI|ARM.Deploy.0 = Release|ARM
		{B3D94F2E-6999-44C3-94E4-172FB8BE301A}.CI|Mixed Platforms.ActiveCfg = Release|x86
		{B3D94F2E-6999-44C3-94E4-172FB8BE301A}.CI|Mixed Platforms.Build.0 = Release|x86
		{B3D94F2E-6999-44C3-94E4-172FB8BE301A}.CI|Mixed Platforms.Deploy.0 = Release|x86
		{B3D94F2E-6999-44C3-94E4-172FB8BE301A}.CI|Windows Phone.ActiveCfg = Release|Any CPU
		{B3D94F2E-6999-44C3-94E4-172FB8BE301A}.CI|x64.ActiveCfg = Release|Any CPU
		{B3D94F2E-6999-44C3-94E4-172FB8BE301A}.CI|x86.ActiveCfg = Release|x86
		{B3D94F2E-6999-44C3-94E4-172FB8BE301A}.CI|x86.Build.0 = Release|x86
		{B3D94F2E-6999-44C3-94E4-172FB8BE301A}.CI|x86.Deploy.0 = Release|x86
		{B3D94F2E-6999-44C3-94E4-172FB8BE301A}.Debug|Any CPU.ActiveCfg = Debug|Any CPU
		{B3D94F2E-6999-44C3-94E4-172FB8BE301A}.Debug|Any CPU.Build.0 = Debug|Any CPU
		{B3D94F2E-6999-44C3-94E4-172FB8BE301A}.Debug|Any CPU.Deploy.0 = Debug|Any CPU
		{B3D94F2E-6999-44C3-94E4-172FB8BE301A}.Debug|ARM.ActiveCfg = Debug|ARM
		{B3D94F2E-6999-44C3-94E4-172FB8BE301A}.Debug|ARM.Build.0 = Debug|ARM
		{B3D94F2E-6999-44C3-94E4-172FB8BE301A}.Debug|ARM.Deploy.0 = Debug|ARM
		{B3D94F2E-6999-44C3-94E4-172FB8BE301A}.Debug|Mixed Platforms.ActiveCfg = Debug|x86
		{B3D94F2E-6999-44C3-94E4-172FB8BE301A}.Debug|Mixed Platforms.Build.0 = Debug|x86
		{B3D94F2E-6999-44C3-94E4-172FB8BE301A}.Debug|Mixed Platforms.Deploy.0 = Debug|x86
		{B3D94F2E-6999-44C3-94E4-172FB8BE301A}.Debug|Windows Phone.ActiveCfg = Debug|Any CPU
		{B3D94F2E-6999-44C3-94E4-172FB8BE301A}.Debug|x64.ActiveCfg = Debug|Any CPU
		{B3D94F2E-6999-44C3-94E4-172FB8BE301A}.Debug|x86.ActiveCfg = Debug|x86
		{B3D94F2E-6999-44C3-94E4-172FB8BE301A}.Debug|x86.Build.0 = Debug|x86
		{B3D94F2E-6999-44C3-94E4-172FB8BE301A}.Debug|x86.Deploy.0 = Debug|x86
		{B3D94F2E-6999-44C3-94E4-172FB8BE301A}.Release|Any CPU.ActiveCfg = Release|Any CPU
		{B3D94F2E-6999-44C3-94E4-172FB8BE301A}.Release|Any CPU.Build.0 = Release|Any CPU
		{B3D94F2E-6999-44C3-94E4-172FB8BE301A}.Release|Any CPU.Deploy.0 = Release|Any CPU
		{B3D94F2E-6999-44C3-94E4-172FB8BE301A}.Release|ARM.ActiveCfg = Release|ARM
		{B3D94F2E-6999-44C3-94E4-172FB8BE301A}.Release|Mixed Platforms.ActiveCfg = Release|x86
		{B3D94F2E-6999-44C3-94E4-172FB8BE301A}.Release|Mixed Platforms.Build.0 = Release|x86
		{B3D94F2E-6999-44C3-94E4-172FB8BE301A}.Release|Mixed Platforms.Deploy.0 = Release|x86
		{B3D94F2E-6999-44C3-94E4-172FB8BE301A}.Release|Windows Phone.ActiveCfg = Release|Any CPU
		{B3D94F2E-6999-44C3-94E4-172FB8BE301A}.Release|x64.ActiveCfg = Release|Any CPU
		{B3D94F2E-6999-44C3-94E4-172FB8BE301A}.Release|x86.ActiveCfg = Release|x86
		{B3D94F2E-6999-44C3-94E4-172FB8BE301A}.Release|x86.Build.0 = Release|x86
		{B3D94F2E-6999-44C3-94E4-172FB8BE301A}.Release|x86.Deploy.0 = Release|x86
	EndGlobalSection
	GlobalSection(SolutionProperties) = preSolution
		HideSolutionNode = FALSE
	EndGlobalSection
	GlobalSection(NestedProjects) = preSolution
		{04C0A865-AB86-419B-9D73-6D8BD8BEA3C9} = {E2E6A6A8-5342-4850-A86E-6B1E153EBABC}
		{EAD7641B-EF06-4781-A015-4529EF19DBD7} = {E2E6A6A8-5342-4850-A86E-6B1E153EBABC}
		{B3D94F2E-6999-44C3-94E4-172FB8BE301A} = {E2E6A6A8-5342-4850-A86E-6B1E153EBABC}
		{A1432A44-A637-4BA2-89BF-B772F39B17AF} = {4ABF1E81-6B70-40B3-AB38-D69597B69192}
	EndGlobalSection
EndGlobal
