
Microsoft Visual Studio Solution File, Format Version 12.00
# Visual Studio 14
VisualStudioVersion = 14.0.22823.1
MinimumVisualStudioVersion = 10.0.40219.1
Project("{2150E333-8FDC-42A3-9474-1A3956D46DE8}") = "Examples", "Examples", "{E2E6A6A8-5342-4850-A86E-6B1E153EBABC}"
EndProject
Project("{FAE04EC0-301F-11D3-BF4B-00C04F79EFBC}") = "AdRotatorNuGetPackager", "AdRotatorNuGetPackager\AdRotatorNuGetPackager.csproj", "{0451BAEF-DF2E-4B98-8644-94EE9415E389}"
EndProject
Project("{FAE04EC0-301F-11D3-BF4B-00C04F79EFBC}") = "AdRotator.Core.Universal", "AdRotator\AdRotator.Core.Universal.csproj", "{6EC8D15E-4A48-42FD-ACF1-C024C4098870}"
EndProject
Project("{FAE04EC0-301F-11D3-BF4B-00C04F79EFBC}") = "AdRotator.AdDescriptorCreator", "AdRotator.AdDescriptorCreator\AdRotator.AdDescriptorCreator.csproj", "{9E6D6E82-D66B-4452-93C4-262CE00B9815}"
EndProject
Project("{FAE04EC0-301F-11D3-BF4B-00C04F79EFBC}") = "AdRotator.Examples.Windows8.1", "Examples\AdRotator.Examples.Windows8.1\AdRotator.Examples.Windows8.1.csproj", "{635CC4BA-82F2-4E19-9C23-932A159C33AF}"
EndProject
Project("{FAE04EC0-301F-11D3-BF4B-00C04F79EFBC}") = "AdRotator.Examples.WinPhoneAppx8.1", "Examples\AdRotator.Examples.WinPhoneAppx8.1\AdRotator.Examples.WinPhoneAppx8.1.csproj", "{94A0A941-8C49-462C-B7DA-1EC9F3C87598}"
EndProject
Project("{FAE04EC0-301F-11D3-BF4B-00C04F79EFBC}") = "AdRotator.Examples.WinPhone8", "Examples\AdRotator.Examples.WinPhone8\AdRotator.Examples.WinPhone8.Universal.csproj", "{B3D94F2E-6999-44C3-94E4-172FB8BE301A}"
EndProject
Project("{FAE04EC0-301F-11D3-BF4B-00C04F79EFBC}") = "AdRotator.Windows81", "AdRotator\Clients\Windows81\AdRotator.Windows81.csproj", "{ED0DF492-7001-47FB-A623-7A1757426BDE}"
EndProject
Project("{FAE04EC0-301F-11D3-BF4B-00C04F79EFBC}") = "AdRotator.WindowsPhone81", "AdRotator\Clients\WinPhone81\AdRotator.WindowsPhone81.csproj", "{43D11F0A-C577-4B07-B7E9-E1AF99ABC5E6}"
EndProject
Project("{FAE04EC0-301F-11D3-BF4B-00C04F79EFBC}") = "AdRotator.WinPhone8", "AdRotator\Clients\WinPhone8\AdRotator.WinPhone8.Universal.csproj", "{7D456892-7A65-4FE7-AA0A-821982FC2E70}"
EndProject
Global
	GlobalSection(SolutionConfigurationPlatforms) = preSolution
		Debug|Any CPU = Debug|Any CPU
		Debug|ARM = Debug|ARM
		Debug|Mixed Platforms = Debug|Mixed Platforms
		Debug|Windows Phone = Debug|Windows Phone
		Debug|x64 = Debug|x64
		Debug|x86 = Debug|x86
		Release|Any CPU = Release|Any CPU
		Release|ARM = Release|ARM
		Release|Mixed Platforms = Release|Mixed Platforms
		Release|Windows Phone = Release|Windows Phone
		Release|x64 = Release|x64
		Release|x86 = Release|x86
	EndGlobalSection
	GlobalSection(ProjectConfigurationPlatforms) = postSolution
		{0451BAEF-DF2E-4B98-8644-94EE9415E389}.Debug|Any CPU.ActiveCfg = Debug|Any CPU
		{0451BAEF-DF2E-4B98-8644-94EE9415E389}.Debug|ARM.ActiveCfg = Debug|Any CPU
		{0451BAEF-DF2E-4B98-8644-94EE9415E389}.Debug|Mixed Platforms.ActiveCfg = Debug|Any CPU
		{0451BAEF-DF2E-4B98-8644-94EE9415E389}.Debug|Windows Phone.ActiveCfg = Debug|Any CPU
		{0451BAEF-DF2E-4B98-8644-94EE9415E389}.Debug|x64.ActiveCfg = Debug|Any CPU
		{0451BAEF-DF2E-4B98-8644-94EE9415E389}.Debug|x86.ActiveCfg = Debug|Any CPU
		{0451BAEF-DF2E-4B98-8644-94EE9415E389}.Release|Any CPU.ActiveCfg = Release|Any CPU
		{0451BAEF-DF2E-4B98-8644-94EE9415E389}.Release|ARM.ActiveCfg = Release|Any CPU
		{0451BAEF-DF2E-4B98-8644-94EE9415E389}.Release|Mixed Platforms.ActiveCfg = Release|Any CPU
		{0451BAEF-DF2E-4B98-8644-94EE9415E389}.Release|Windows Phone.ActiveCfg = Release|Any CPU
		{0451BAEF-DF2E-4B98-8644-94EE9415E389}.Release|x64.ActiveCfg = Release|Any CPU
		{0451BAEF-DF2E-4B98-8644-94EE9415E389}.Release|x86.ActiveCfg = Release|Any CPU
		{6EC8D15E-4A48-42FD-ACF1-C024C4098870}.Debug|Any CPU.ActiveCfg = Debug|Any CPU
		{6EC8D15E-4A48-42FD-ACF1-C024C4098870}.Debug|Any CPU.Build.0 = Debug|Any CPU
		{6EC8D15E-4A48-42FD-ACF1-C024C4098870}.Debug|ARM.ActiveCfg = Debug|Any CPU
		{6EC8D15E-4A48-42FD-ACF1-C024C4098870}.Debug|Mixed Platforms.ActiveCfg = Debug|Any CPU
		{6EC8D15E-4A48-42FD-ACF1-C024C4098870}.Debug|Mixed Platforms.Build.0 = Debug|Any CPU
		{6EC8D15E-4A48-42FD-ACF1-C024C4098870}.Debug|Windows Phone.ActiveCfg = Debug|Any CPU
		{6EC8D15E-4A48-42FD-ACF1-C024C4098870}.Debug|x64.ActiveCfg = Debug|Any CPU
		{6EC8D15E-4A48-42FD-ACF1-C024C4098870}.Debug|x86.ActiveCfg = Debug|Any CPU
		{6EC8D15E-4A48-42FD-ACF1-C024C4098870}.Debug|x86.Build.0 = Debug|Any CPU
		{6EC8D15E-4A48-42FD-ACF1-C024C4098870}.Release|Any CPU.ActiveCfg = Release|Any CPU
		{6EC8D15E-4A48-42FD-ACF1-C024C4098870}.Release|Any CPU.Build.0 = Release|Any CPU
		{6EC8D15E-4A48-42FD-ACF1-C024C4098870}.Release|ARM.ActiveCfg = Release|Any CPU
		{6EC8D15E-4A48-42FD-ACF1-C024C4098870}.Release|Mixed Platforms.ActiveCfg = Release|Any CPU
		{6EC8D15E-4A48-42FD-ACF1-C024C4098870}.Release|Mixed Platforms.Build.0 = Release|Any CPU
		{6EC8D15E-4A48-42FD-ACF1-C024C4098870}.Release|Windows Phone.ActiveCfg = Release|Any CPU
		{6EC8D15E-4A48-42FD-ACF1-C024C4098870}.Release|Windows Phone.Build.0 = Release|Any CPU
		{6EC8D15E-4A48-42FD-ACF1-C024C4098870}.Release|x64.ActiveCfg = Release|Any CPU
		{6EC8D15E-4A48-42FD-ACF1-C024C4098870}.Release|x86.ActiveCfg = Release|Any CPU
		{9E6D6E82-D66B-4452-93C4-262CE00B9815}.Debug|Any CPU.ActiveCfg = Debug|Any CPU
		{9E6D6E82-D66B-4452-93C4-262CE00B9815}.Debug|Any CPU.Build.0 = Debug|Any CPU
		{9E6D6E82-D66B-4452-93C4-262CE00B9815}.Debug|ARM.ActiveCfg = Debug|Any CPU
		{9E6D6E82-D66B-4452-93C4-262CE00B9815}.Debug|Mixed Platforms.ActiveCfg = Debug|Any CPU
		{9E6D6E82-D66B-4452-93C4-262CE00B9815}.Debug|Mixed Platforms.Build.0 = Debug|Any CPU
		{9E6D6E82-D66B-4452-93C4-262CE00B9815}.Debug|Windows Phone.ActiveCfg = Debug|Any CPU
		{9E6D6E82-D66B-4452-93C4-262CE00B9815}.Debug|x64.ActiveCfg = Debug|Any CPU
		{9E6D6E82-D66B-4452-93C4-262CE00B9815}.Debug|x86.ActiveCfg = Debug|Any CPU
		{9E6D6E82-D66B-4452-93C4-262CE00B9815}.Debug|x86.Build.0 = Debug|Any CPU
		{9E6D6E82-D66B-4452-93C4-262CE00B9815}.Release|Any CPU.ActiveCfg = Release|Any CPU
		{9E6D6E82-D66B-4452-93C4-262CE00B9815}.Release|Any CPU.Build.0 = Release|Any CPU
		{9E6D6E82-D66B-4452-93C4-262CE00B9815}.Release|ARM.ActiveCfg = Release|Any CPU
		{9E6D6E82-D66B-4452-93C4-262CE00B9815}.Release|Mixed Platforms.ActiveCfg = Release|Any CPU
		{9E6D6E82-D66B-4452-93C4-262CE00B9815}.Release|Mixed Platforms.Build.0 = Release|Any CPU
		{9E6D6E82-D66B-4452-93C4-262CE00B9815}.Release|Windows Phone.ActiveCfg = Release|Any CPU
		{9E6D6E82-D66B-4452-93C4-262CE00B9815}.Release|x64.ActiveCfg = Release|Any CPU
		{9E6D6E82-D66B-4452-93C4-262CE00B9815}.Release|x86.ActiveCfg = Release|Any CPU
		{635CC4BA-82F2-4E19-9C23-932A159C33AF}.Debug|Any CPU.ActiveCfg = Debug|Any CPU
		{635CC4BA-82F2-4E19-9C23-932A159C33AF}.Debug|Any CPU.Build.0 = Debug|Any CPU
		{635CC4BA-82F2-4E19-9C23-932A159C33AF}.Debug|Any CPU.Deploy.0 = Debug|Any CPU
		{635CC4BA-82F2-4E19-9C23-932A159C33AF}.Debug|ARM.ActiveCfg = Debug|ARM
		{635CC4BA-82F2-4E19-9C23-932A159C33AF}.Debug|ARM.Build.0 = Debug|ARM
		{635CC4BA-82F2-4E19-9C23-932A159C33AF}.Debug|ARM.Deploy.0 = Debug|ARM
		{635CC4BA-82F2-4E19-9C23-932A159C33AF}.Debug|Mixed Platforms.ActiveCfg = Debug|Any CPU
		{635CC4BA-82F2-4E19-9C23-932A159C33AF}.Debug|Mixed Platforms.Build.0 = Debug|Any CPU
		{635CC4BA-82F2-4E19-9C23-932A159C33AF}.Debug|Mixed Platforms.Deploy.0 = Debug|Any CPU
		{635CC4BA-82F2-4E19-9C23-932A159C33AF}.Debug|Windows Phone.ActiveCfg = Debug|Any CPU
		{635CC4BA-82F2-4E19-9C23-932A159C33AF}.Debug|x64.ActiveCfg = Debug|x64
		{635CC4BA-82F2-4E19-9C23-932A159C33AF}.Debug|x64.Build.0 = Debug|x64
		{635CC4BA-82F2-4E19-9C23-932A159C33AF}.Debug|x64.Deploy.0 = Debug|x64
		{635CC4BA-82F2-4E19-9C23-932A159C33AF}.Debug|x86.ActiveCfg = Debug|x86
		{635CC4BA-82F2-4E19-9C23-932A159C33AF}.Debug|x86.Build.0 = Debug|x86
		{635CC4BA-82F2-4E19-9C23-932A159C33AF}.Debug|x86.Deploy.0 = Debug|x86
		{635CC4BA-82F2-4E19-9C23-932A159C33AF}.Release|Any CPU.ActiveCfg = Release|Any CPU
		{635CC4BA-82F2-4E19-9C23-932A159C33AF}.Release|Any CPU.Build.0 = Release|Any CPU
		{635CC4BA-82F2-4E19-9C23-932A159C33AF}.Release|Any CPU.Deploy.0 = Release|Any CPU
		{635CC4BA-82F2-4E19-9C23-932A159C33AF}.Release|ARM.ActiveCfg = Release|ARM
		{635CC4BA-82F2-4E19-9C23-932A159C33AF}.Release|Mixed Platforms.ActiveCfg = Release|x86
		{635CC4BA-82F2-4E19-9C23-932A159C33AF}.Release|Mixed Platforms.Build.0 = Release|x86
		{635CC4BA-82F2-4E19-9C23-932A159C33AF}.Release|Mixed Platforms.Deploy.0 = Release|x86
		{635CC4BA-82F2-4E19-9C23-932A159C33AF}.Release|Windows Phone.ActiveCfg = Release|Any CPU
		{635CC4BA-82F2-4E19-9C23-932A159C33AF}.Release|x64.ActiveCfg = Release|x64
		{635CC4BA-82F2-4E19-9C23-932A159C33AF}.Release|x86.ActiveCfg = Release|x86
		{94A0A941-8C49-462C-B7DA-1EC9F3C87598}.Debug|Any CPU.ActiveCfg = Debug|Any CPU
		{94A0A941-8C49-462C-B7DA-1EC9F3C87598}.Debug|Any CPU.Build.0 = Debug|Any CPU
		{94A0A941-8C49-462C-B7DA-1EC9F3C87598}.Debug|Any CPU.Deploy.0 = Debug|Any CPU
		{94A0A941-8C49-462C-B7DA-1EC9F3C87598}.Debug|ARM.ActiveCfg = Debug|ARM
		{94A0A941-8C49-462C-B7DA-1EC9F3C87598}.Debug|ARM.Build.0 = Debug|ARM
		{94A0A941-8C49-462C-B7DA-1EC9F3C87598}.Debug|ARM.Deploy.0 = Debug|ARM
		{94A0A941-8C49-462C-B7DA-1EC9F3C87598}.Debug|Mixed Platforms.ActiveCfg = Debug|Any CPU
		{94A0A941-8C49-462C-B7DA-1EC9F3C87598}.Debug|Mixed Platforms.Build.0 = Debug|Any CPU
		{94A0A941-8C49-462C-B7DA-1EC9F3C87598}.Debug|Mixed Platforms.Deploy.0 = Debug|Any CPU
		{94A0A941-8C49-462C-B7DA-1EC9F3C87598}.Debug|Windows Phone.ActiveCfg = Debug|Any CPU
		{94A0A941-8C49-462C-B7DA-1EC9F3C87598}.Debug|x64.ActiveCfg = Debug|Any CPU
		{94A0A941-8C49-462C-B7DA-1EC9F3C87598}.Debug|x86.ActiveCfg = Debug|x86
		{94A0A941-8C49-462C-B7DA-1EC9F3C87598}.Debug|x86.Build.0 = Debug|x86
		{94A0A941-8C49-462C-B7DA-1EC9F3C87598}.Debug|x86.Deploy.0 = Debug|x86
		{94A0A941-8C49-462C-B7DA-1EC9F3C87598}.Release|Any CPU.ActiveCfg = Release|Any CPU
		{94A0A941-8C49-462C-B7DA-1EC9F3C87598}.Release|Any CPU.Build.0 = Release|Any CPU
		{94A0A941-8C49-462C-B7DA-1EC9F3C87598}.Release|Any CPU.Deploy.0 = Release|Any CPU
		{94A0A941-8C49-462C-B7DA-1EC9F3C87598}.Release|ARM.ActiveCfg = Release|ARM
		{94A0A941-8C49-462C-B7DA-1EC9F3C87598}.Release|ARM.Build.0 = Release|ARM
		{94A0A941-8C49-462C-B7DA-1EC9F3C87598}.Release|ARM.Deploy.0 = Release|ARM
		{94A0A941-8C49-462C-B7DA-1EC9F3C87598}.Release|Mixed Platforms.ActiveCfg = Release|x86
		{94A0A941-8C49-462C-B7DA-1EC9F3C87598}.Release|Mixed Platforms.Build.0 = Release|x86
		{94A0A941-8C49-462C-B7DA-1EC9F3C87598}.Release|Mixed Platforms.Deploy.0 = Release|x86
		{94A0A941-8C49-462C-B7DA-1EC9F3C87598}.Release|Windows Phone.ActiveCfg = Release|Any CPU
		{94A0A941-8C49-462C-B7DA-1EC9F3C87598}.Release|x64.ActiveCfg = Release|Any CPU
		{94A0A941-8C49-462C-B7DA-1EC9F3C87598}.Release|x86.ActiveCfg = Release|x86
		{94A0A941-8C49-462C-B7DA-1EC9F3C87598}.Release|x86.Build.0 = Release|x86
		{94A0A941-8C49-462C-B7DA-1EC9F3C87598}.Release|x86.Deploy.0 = Release|x86
		{B3D94F2E-6999-44C3-94E4-172FB8BE301A}.Debug|Any CPU.ActiveCfg = Debug|Any CPU
		{B3D94F2E-6999-44C3-94E4-172FB8BE301A}.Debug|Any CPU.Build.0 = Debug|Any CPU
		{B3D94F2E-6999-44C3-94E4-172FB8BE301A}.Debug|Any CPU.Deploy.0 = Debug|Any CPU
		{B3D94F2E-6999-44C3-94E4-172FB8BE301A}.Debug|ARM.ActiveCfg = Debug|ARM
		{B3D94F2E-6999-44C3-94E4-172FB8BE301A}.Debug|ARM.Build.0 = Debug|ARM
		{B3D94F2E-6999-44C3-94E4-172FB8BE301A}.Debug|ARM.Deploy.0 = Debug|ARM
		{B3D94F2E-6999-44C3-94E4-172FB8BE301A}.Debug|Mixed Platforms.ActiveCfg = Debug|x86
		{B3D94F2E-6999-44C3-94E4-172FB8BE301A}.Debug|Mixed Platforms.Build.0 = Debug|x86
		{B3D94F2E-6999-44C3-94E4-172FB8BE301A}.Debug|Mixed Platforms.Deploy.0 = Debug|x86
		{B3D94F2E-6999-44C3-94E4-172FB8BE301A}.Debug|Windows Phone.ActiveCfg = Debug|Any CPU
		{B3D94F2E-6999-44C3-94E4-172FB8BE301A}.Debug|Windows Phone.Build.0 = Debug|Any CPU
		{B3D94F2E-6999-44C3-94E4-172FB8BE301A}.Debug|Windows Phone.Deploy.0 = Debug|Any CPU
		{B3D94F2E-6999-44C3-94E4-172FB8BE301A}.Debug|x64.ActiveCfg = Debug|Any CPU
		{B3D94F2E-6999-44C3-94E4-172FB8BE301A}.Debug|x64.Build.0 = Debug|Any CPU
		{B3D94F2E-6999-44C3-94E4-172FB8BE301A}.Debug|x64.Deploy.0 = Debug|Any CPU
		{B3D94F2E-6999-44C3-94E4-172FB8BE301A}.Debug|x86.ActiveCfg = Debug|x86
		{B3D94F2E-6999-44C3-94E4-172FB8BE301A}.Debug|x86.Build.0 = Debug|x86
		{B3D94F2E-6999-44C3-94E4-172FB8BE301A}.Debug|x86.Deploy.0 = Debug|x86
		{B3D94F2E-6999-44C3-94E4-172FB8BE301A}.Release|Any CPU.ActiveCfg = Release|Any CPU
		{B3D94F2E-6999-44C3-94E4-172FB8BE301A}.Release|Any CPU.Build.0 = Release|Any CPU
		{B3D94F2E-6999-44C3-94E4-172FB8BE301A}.Release|Any CPU.Deploy.0 = Release|Any CPU
		{B3D94F2E-6999-44C3-94E4-172FB8BE301A}.Release|ARM.ActiveCfg = Release|ARM
		{B3D94F2E-6999-44C3-94E4-172FB8BE301A}.Release|ARM.Build.0 = Release|ARM
		{B3D94F2E-6999-44C3-94E4-172FB8BE301A}.Release|ARM.Deploy.0 = Release|ARM
		{B3D94F2E-6999-44C3-94E4-172FB8BE301A}.Release|Mixed Platforms.ActiveCfg = Release|x86
		{B3D94F2E-6999-44C3-94E4-172FB8BE301A}.Release|Mixed Platforms.Build.0 = Release|x86
		{B3D94F2E-6999-44C3-94E4-172FB8BE301A}.Release|Mixed Platforms.Deploy.0 = Release|x86
		{B3D94F2E-6999-44C3-94E4-172FB8BE301A}.Release|Windows Phone.ActiveCfg = Release|Any CPU
		{B3D94F2E-6999-44C3-94E4-172FB8BE301A}.Release|Windows Phone.Build.0 = Release|Any CPU
		{B3D94F2E-6999-44C3-94E4-172FB8BE301A}.Release|Windows Phone.Deploy.0 = Release|Any CPU
		{B3D94F2E-6999-44C3-94E4-172FB8BE301A}.Release|x64.ActiveCfg = Release|Any CPU
		{B3D94F2E-6999-44C3-94E4-172FB8BE301A}.Release|x64.Build.0 = Release|Any CPU
		{B3D94F2E-6999-44C3-94E4-172FB8BE301A}.Release|x64.Deploy.0 = Release|Any CPU
		{B3D94F2E-6999-44C3-94E4-172FB8BE301A}.Release|x86.ActiveCfg = Release|x86
		{B3D94F2E-6999-44C3-94E4-172FB8BE301A}.Release|x86.Build.0 = Release|x86
		{B3D94F2E-6999-44C3-94E4-172FB8BE301A}.Release|x86.Deploy.0 = Release|x86
		{ED0DF492-7001-47FB-A623-7A1757426BDE}.Debug|Any CPU.ActiveCfg = Debug|Any CPU
		{ED0DF492-7001-47FB-A623-7A1757426BDE}.Debug|Any CPU.Build.0 = Debug|Any CPU
		{ED0DF492-7001-47FB-A623-7A1757426BDE}.Debug|ARM.ActiveCfg = Debug|ARM
		{ED0DF492-7001-47FB-A623-7A1757426BDE}.Debug|ARM.Build.0 = Debug|ARM
		{ED0DF492-7001-47FB-A623-7A1757426BDE}.Debug|Mixed Platforms.ActiveCfg = Debug|Any CPU
		{ED0DF492-7001-47FB-A623-7A1757426BDE}.Debug|Mixed Platforms.Build.0 = Debug|Any CPU
		{ED0DF492-7001-47FB-A623-7A1757426BDE}.Debug|Windows Phone.ActiveCfg = Debug|Any CPU
		{ED0DF492-7001-47FB-A623-7A1757426BDE}.Debug|x64.ActiveCfg = Debug|x64
		{ED0DF492-7001-47FB-A623-7A1757426BDE}.Debug|x64.Build.0 = Debug|x64
		{ED0DF492-7001-47FB-A623-7A1757426BDE}.Debug|x86.ActiveCfg = Debug|x86
		{ED0DF492-7001-47FB-A623-7A1757426BDE}.Debug|x86.Build.0 = Debug|x86
		{ED0DF492-7001-47FB-A623-7A1757426BDE}.Release|Any CPU.ActiveCfg = Release|Any CPU
		{ED0DF492-7001-47FB-A623-7A1757426BDE}.Release|Any CPU.Build.0 = Release|Any CPU
		{ED0DF492-7001-47FB-A623-7A1757426BDE}.Release|ARM.ActiveCfg = Release|ARM
		{ED0DF492-7001-47FB-A623-7A1757426BDE}.Release|ARM.Build.0 = Release|ARM
		{ED0DF492-7001-47FB-A623-7A1757426BDE}.Release|Mixed Platforms.ActiveCfg = Release|x86
		{ED0DF492-7001-47FB-A623-7A1757426BDE}.Release|Mixed Platforms.Build.0 = Release|x86
		{ED0DF492-7001-47FB-A623-7A1757426BDE}.Release|Windows Phone.ActiveCfg = Release|Any CPU
		{ED0DF492-7001-47FB-A623-7A1757426BDE}.Release|x64.ActiveCfg = Release|x64
		{ED0DF492-7001-47FB-A623-7A1757426BDE}.Release|x64.Build.0 = Release|x64
		{ED0DF492-7001-47FB-A623-7A1757426BDE}.Release|x86.ActiveCfg = Release|x86
		{ED0DF492-7001-47FB-A623-7A1757426BDE}.Release|x86.Build.0 = Release|x86
		{43D11F0A-C577-4B07-B7E9-E1AF99ABC5E6}.Debug|Any CPU.ActiveCfg = Debug|Any CPU
		{43D11F0A-C577-4B07-B7E9-E1AF99ABC5E6}.Debug|Any CPU.Build.0 = Debug|Any CPU
		{43D11F0A-C577-4B07-B7E9-E1AF99ABC5E6}.Debug|ARM.ActiveCfg = Debug|ARM
		{43D11F0A-C577-4B07-B7E9-E1AF99ABC5E6}.Debug|ARM.Build.0 = Debug|ARM
		{43D11F0A-C577-4B07-B7E9-E1AF99ABC5E6}.Debug|Mixed Platforms.ActiveCfg = Debug|Any CPU
		{43D11F0A-C577-4B07-B7E9-E1AF99ABC5E6}.Debug|Mixed Platforms.Build.0 = Debug|Any CPU
		{43D11F0A-C577-4B07-B7E9-E1AF99ABC5E6}.Debug|Windows Phone.ActiveCfg = Debug|Any CPU
		{43D11F0A-C577-4B07-B7E9-E1AF99ABC5E6}.Debug|x64.ActiveCfg = Debug|Any CPU
		{43D11F0A-C577-4B07-B7E9-E1AF99ABC5E6}.Debug|x86.ActiveCfg = Debug|x86
		{43D11F0A-C577-4B07-B7E9-E1AF99ABC5E6}.Debug|x86.Build.0 = Debug|x86
		{43D11F0A-C577-4B07-B7E9-E1AF99ABC5E6}.Release|Any CPU.ActiveCfg = Release|Any CPU
		{43D11F0A-C577-4B07-B7E9-E1AF99ABC5E6}.Release|Any CPU.Build.0 = Release|Any CPU
		{43D11F0A-C577-4B07-B7E9-E1AF99ABC5E6}.Release|ARM.ActiveCfg = Release|ARM
		{43D11F0A-C577-4B07-B7E9-E1AF99ABC5E6}.Release|ARM.Build.0 = Release|ARM
		{43D11F0A-C577-4B07-B7E9-E1AF99ABC5E6}.Release|Mixed Platforms.ActiveCfg = Release|x86
		{43D11F0A-C577-4B07-B7E9-E1AF99ABC5E6}.Release|Mixed Platforms.Build.0 = Release|x86
		{43D11F0A-C577-4B07-B7E9-E1AF99ABC5E6}.Release|Windows Phone.ActiveCfg = Release|Any CPU
		{43D11F0A-C577-4B07-B7E9-E1AF99ABC5E6}.Release|x64.ActiveCfg = Release|Any CPU
		{43D11F0A-C577-4B07-B7E9-E1AF99ABC5E6}.Release|x86.ActiveCfg = Release|x86
		{43D11F0A-C577-4B07-B7E9-E1AF99ABC5E6}.Release|x86.Build.0 = Release|x86
		{7D456892-7A65-4FE7-AA0A-821982FC2E70}.Debug|Any CPU.ActiveCfg = Debug|Any CPU
		{7D456892-7A65-4FE7-AA0A-821982FC2E70}.Debug|Any CPU.Build.0 = Debug|Any CPU
		{7D456892-7A65-4FE7-AA0A-821982FC2E70}.Debug|ARM.ActiveCfg = Debug|ARM
		{7D456892-7A65-4FE7-AA0A-821982FC2E70}.Debug|ARM.Build.0 = Debug|ARM
		{7D456892-7A65-4FE7-AA0A-821982FC2E70}.Debug|Mixed Platforms.ActiveCfg = Debug|x86
		{7D456892-7A65-4FE7-AA0A-821982FC2E70}.Debug|Mixed Platforms.Build.0 = Debug|x86
		{7D456892-7A65-4FE7-AA0A-821982FC2E70}.Debug|Windows Phone.ActiveCfg = Debug|Any CPU
		{7D456892-7A65-4FE7-AA0A-821982FC2E70}.Debug|Windows Phone.Build.0 = Debug|Any CPU
		{7D456892-7A65-4FE7-AA0A-821982FC2E70}.Debug|x64.ActiveCfg = Debug|Any CPU
		{7D456892-7A65-4FE7-AA0A-821982FC2E70}.Debug|x64.Build.0 = Debug|Any CPU
		{7D456892-7A65-4FE7-AA0A-821982FC2E70}.Debug|x86.ActiveCfg = Debug|x86
		{7D456892-7A65-4FE7-AA0A-821982FC2E70}.Debug|x86.Build.0 = Debug|x86
		{7D456892-7A65-4FE7-AA0A-821982FC2E70}.Release|Any CPU.ActiveCfg = Release|Any CPU
		{7D456892-7A65-4FE7-AA0A-821982FC2E70}.Release|Any CPU.Build.0 = Release|Any CPU
		{7D456892-7A65-4FE7-AA0A-821982FC2E70}.Release|ARM.ActiveCfg = Release|ARM
		{7D456892-7A65-4FE7-AA0A-821982FC2E70}.Release|ARM.Build.0 = Release|ARM
		{7D456892-7A65-4FE7-AA0A-821982FC2E70}.Release|Mixed Platforms.ActiveCfg = Release|x86
		{7D456892-7A65-4FE7-AA0A-821982FC2E70}.Release|Mixed Platforms.Build.0 = Release|x86
		{7D456892-7A65-4FE7-AA0A-821982FC2E70}.Release|Windows Phone.ActiveCfg = Release|Any CPU
		{7D456892-7A65-4FE7-AA0A-821982FC2E70}.Release|Windows Phone.Build.0 = Release|Any CPU
		{7D456892-7A65-4FE7-AA0A-821982FC2E70}.Release|x64.ActiveCfg = Release|Any CPU
		{7D456892-7A65-4FE7-AA0A-821982FC2E70}.Release|x64.Build.0 = Release|Any CPU
		{7D456892-7A65-4FE7-AA0A-821982FC2E70}.Release|x86.ActiveCfg = Release|x86
		{7D456892-7A65-4FE7-AA0A-821982FC2E70}.Release|x86.Build.0 = Release|x86
	EndGlobalSection
	GlobalSection(SolutionProperties) = preSolution
		HideSolutionNode = FALSE
	EndGlobalSection
	GlobalSection(NestedProjects) = preSolution
		{635CC4BA-82F2-4E19-9C23-932A159C33AF} = {E2E6A6A8-5342-4850-A86E-6B1E153EBABC}
		{94A0A941-8C49-462C-B7DA-1EC9F3C87598} = {E2E6A6A8-5342-4850-A86E-6B1E153EBABC}
		{B3D94F2E-6999-44C3-94E4-172FB8BE301A} = {E2E6A6A8-5342-4850-A86E-6B1E153EBABC}
	EndGlobalSection
EndGlobal
