
Microsoft Visual Studio Solution File, Format Version 12.00
# Visual Studio 2012
Project("{FAE04EC0-301F-11D3-BF4B-00C04F79EFBC}") = "AdRotator", "AdRotator\AdRotator.csproj", "{170B13CC-30B9-405C-A032-CF1A6B5F8277}"
EndProject
Project("{FAE04EC0-301F-11D3-BF4B-00C04F79EFBC}") = "AdRotator.AdDescriptorCreator", "AdRotator.AdDescriptorCreator\AdRotator.AdDescriptorCreator.csproj", "{9E6D6E82-D66B-4452-93C4-262CE00B9815}"
EndProject
Project("{2150E333-8FDC-42A3-9474-1A3956D46DE8}") = "Examples", "Examples", "{E2E6A6A8-5342-4850-A86E-6B1E153EBABC}"
EndProject
Project("{FAE04EC0-301F-11D3-BF4B-00C04F79EFBC}") = "AdRotator.Examples.WinPhone7", "Examples\AdRotator.Examples.WinPhone7\AdRotator.Examples.WinPhone7.csproj", "{210B55C2-AB15-4EAC-A9B6-51A766A40BD0}"
EndProject
Project("{FAE04EC0-301F-11D3-BF4B-00C04F79EFBC}") = "AdRotator.WinPhone7", "AdRotator\AdRotator.WinPhone7.csproj", "{0804BD51-07FF-407B-8CDA-A92039509D1C}"
EndProject
Project("{2150E333-8FDC-42A3-9474-1A3956D46DE8}") = ".nuget", ".nuget", "{971001F2-7071-4A08-9B11-3FB5312EB721}"
	ProjectSection(SolutionItems) = preProject
		.nuget\NuGet.Config = .nuget\NuGet.Config
		.nuget\NuGet.exe = .nuget\NuGet.exe
		.nuget\NuGet.targets = .nuget\NuGet.targets
	EndProjectSection
EndProject
Global
	GlobalSection(SolutionConfigurationPlatforms) = preSolution
		Debug|Any CPU = Debug|Any CPU
		Debug|ARM = Debug|ARM
		Debug|Mixed Platforms = Debug|Mixed Platforms
		Debug|Windows Phone = Debug|Windows Phone
		Debug|x64 = Debug|x64
		Debug|x86 = Debug|x86
		Release|Any CPU = Release|Any CPU
		Release|ARM = Release|ARM
		Release|Mixed Platforms = Release|Mixed Platforms
		Release|Windows Phone = Release|Windows Phone
		Release|x64 = Release|x64
		Release|x86 = Release|x86
	EndGlobalSection
	GlobalSection(ProjectConfigurationPlatforms) = postSolution
		{170B13CC-30B9-405C-A032-CF1A6B5F8277}.Debug|Any CPU.ActiveCfg = Debug|Any CPU
		{170B13CC-30B9-405C-A032-CF1A6B5F8277}.Debug|Any CPU.Build.0 = Debug|Any CPU
		{170B13CC-30B9-405C-A032-CF1A6B5F8277}.Debug|ARM.ActiveCfg = Debug|Any CPU
		{170B13CC-30B9-405C-A032-CF1A6B5F8277}.Debug|Mixed Platforms.ActiveCfg = Debug|Any CPU
		{170B13CC-30B9-405C-A032-CF1A6B5F8277}.Debug|Mixed Platforms.Build.0 = Debug|Any CPU
		{170B13CC-30B9-405C-A032-CF1A6B5F8277}.Debug|Windows Phone.ActiveCfg = Debug|Any CPU
		{170B13CC-30B9-405C-A032-CF1A6B5F8277}.Debug|x64.ActiveCfg = Debug|Any CPU
		{170B13CC-30B9-405C-A032-CF1A6B5F8277}.Debug|x86.ActiveCfg = Debug|Any CPU
		{170B13CC-30B9-405C-A032-CF1A6B5F8277}.Release|Any CPU.ActiveCfg = Release|Any CPU
		{170B13CC-30B9-405C-A032-CF1A6B5F8277}.Release|Any CPU.Build.0 = Release|Any CPU
		{170B13CC-30B9-405C-A032-CF1A6B5F8277}.Release|ARM.ActiveCfg = Release|Any CPU
		{170B13CC-30B9-405C-A032-CF1A6B5F8277}.Release|Mixed Platforms.ActiveCfg = Release|Any CPU
		{170B13CC-30B9-405C-A032-CF1A6B5F8277}.Release|Mixed Platforms.Build.0 = Release|Any CPU
		{170B13CC-30B9-405C-A032-CF1A6B5F8277}.Release|Windows Phone.ActiveCfg = Release|Any CPU
		{170B13CC-30B9-405C-A032-CF1A6B5F8277}.Release|x64.ActiveCfg = Release|Any CPU
		{170B13CC-30B9-405C-A032-CF1A6B5F8277}.Release|x86.ActiveCfg = Release|Any CPU
		{9E6D6E82-D66B-4452-93C4-262CE00B9815}.Debug|Any CPU.ActiveCfg = Debug|Any CPU
		{9E6D6E82-D66B-4452-93C4-262CE00B9815}.Debug|Any CPU.Build.0 = Debug|Any CPU
		{9E6D6E82-D66B-4452-93C4-262CE00B9815}.Debug|ARM.ActiveCfg = Debug|Any CPU
		{9E6D6E82-D66B-4452-93C4-262CE00B9815}.Debug|Mixed Platforms.ActiveCfg = Debug|Any CPU
		{9E6D6E82-D66B-4452-93C4-262CE00B9815}.Debug|Mixed Platforms.Build.0 = Debug|Any CPU
		{9E6D6E82-D66B-4452-93C4-262CE00B9815}.Debug|Windows Phone.ActiveCfg = Debug|Any CPU
		{9E6D6E82-D66B-4452-93C4-262CE00B9815}.Debug|x64.ActiveCfg = Debug|Any CPU
		{9E6D6E82-D66B-4452-93C4-262CE00B9815}.Debug|x86.ActiveCfg = Debug|Any CPU
		{9E6D6E82-D66B-4452-93C4-262CE00B9815}.Release|Any CPU.ActiveCfg = Release|Any CPU
		{9E6D6E82-D66B-4452-93C4-262CE00B9815}.Release|Any CPU.Build.0 = Release|Any CPU
		{9E6D6E82-D66B-4452-93C4-262CE00B9815}.Release|ARM.ActiveCfg = Release|Any CPU
		{9E6D6E82-D66B-4452-93C4-262CE00B9815}.Release|Mixed Platforms.ActiveCfg = Release|Any CPU
		{9E6D6E82-D66B-4452-93C4-262CE00B9815}.Release|Mixed Platforms.Build.0 = Release|Any CPU
		{9E6D6E82-D66B-4452-93C4-262CE00B9815}.Release|Windows Phone.ActiveCfg = Release|Any CPU
		{9E6D6E82-D66B-4452-93C4-262CE00B9815}.Release|x64.ActiveCfg = Release|Any CPU
		{9E6D6E82-D66B-4452-93C4-262CE00B9815}.Release|x86.ActiveCfg = Release|Any CPU
		{210B55C2-AB15-4EAC-A9B6-51A766A40BD0}.Debug|Any CPU.ActiveCfg = Debug|Any CPU
		{210B55C2-AB15-4EAC-A9B6-51A766A40BD0}.Debug|Any CPU.Build.0 = Debug|Any CPU
		{210B55C2-AB15-4EAC-A9B6-51A766A40BD0}.Debug|Any CPU.Deploy.0 = Debug|Any CPU
		{210B55C2-AB15-4EAC-A9B6-51A766A40BD0}.Debug|ARM.ActiveCfg = Debug|Any CPU
		{210B55C2-AB15-4EAC-A9B6-51A766A40BD0}.Debug|Mixed Platforms.ActiveCfg = Debug|Any CPU
		{210B55C2-AB15-4EAC-A9B6-51A766A40BD0}.Debug|Mixed Platforms.Build.0 = Debug|Any CPU
		{210B55C2-AB15-4EAC-A9B6-51A766A40BD0}.Debug|Mixed Platforms.Deploy.0 = Debug|Any CPU
		{210B55C2-AB15-4EAC-A9B6-51A766A40BD0}.Debug|Windows Phone.ActiveCfg = Debug|Any CPU
		{210B55C2-AB15-4EAC-A9B6-51A766A40BD0}.Debug|x64.ActiveCfg = Debug|Any CPU
		{210B55C2-AB15-4EAC-A9B6-51A766A40BD0}.Debug|x86.ActiveCfg = Debug|Any CPU
		{210B55C2-AB15-4EAC-A9B6-51A766A40BD0}.Release|Any CPU.ActiveCfg = Release|Any CPU
		{210B55C2-AB15-4EAC-A9B6-51A766A40BD0}.Release|Any CPU.Build.0 = Release|Any CPU
		{210B55C2-AB15-4EAC-A9B6-51A766A40BD0}.Release|Any CPU.Deploy.0 = Release|Any CPU
		{210B55C2-AB15-4EAC-A9B6-51A766A40BD0}.Release|ARM.ActiveCfg = Release|Any CPU
		{210B55C2-AB15-4EAC-A9B6-51A766A40BD0}.Release|Mixed Platforms.ActiveCfg = Release|Any CPU
		{210B55C2-AB15-4EAC-A9B6-51A766A40BD0}.Release|Mixed Platforms.Build.0 = Release|Any CPU
		{210B55C2-AB15-4EAC-A9B6-51A766A40BD0}.Release|Mixed Platforms.Deploy.0 = Release|Any CPU
		{210B55C2-AB15-4EAC-A9B6-51A766A40BD0}.Release|Windows Phone.ActiveCfg = Release|Any CPU
		{210B55C2-AB15-4EAC-A9B6-51A766A40BD0}.Release|x64.ActiveCfg = Release|Any CPU
		{210B55C2-AB15-4EAC-A9B6-51A766A40BD0}.Release|x86.ActiveCfg = Release|Any CPU
		{0804BD51-07FF-407B-8CDA-A92039509D1C}.Debug|Any CPU.ActiveCfg = Debug|Any CPU
		{0804BD51-07FF-407B-8CDA-A92039509D1C}.Debug|Any CPU.Build.0 = Debug|Any CPU
		{0804BD51-07FF-407B-8CDA-A92039509D1C}.Debug|ARM.ActiveCfg = Debug|Any CPU
		{0804BD51-07FF-407B-8CDA-A92039509D1C}.Debug|Mixed Platforms.ActiveCfg = Debug|Any CPU
		{0804BD51-07FF-407B-8CDA-A92039509D1C}.Debug|Mixed Platforms.Build.0 = Debug|Any CPU
		{0804BD51-07FF-407B-8CDA-A92039509D1C}.Debug|Windows Phone.ActiveCfg = Debug|Any CPU
		{0804BD51-07FF-407B-8CDA-A92039509D1C}.Debug|x64.ActiveCfg = Debug|Any CPU
		{0804BD51-07FF-407B-8CDA-A92039509D1C}.Debug|x86.ActiveCfg = Debug|Any CPU
		{0804BD51-07FF-407B-8CDA-A92039509D1C}.Release|Any CPU.ActiveCfg = Release|Any CPU
		{0804BD51-07FF-407B-8CDA-A92039509D1C}.Release|Any CPU.Build.0 = Release|Any CPU
		{0804BD51-07FF-407B-8CDA-A92039509D1C}.Release|ARM.ActiveCfg = Release|Any CPU
		{0804BD51-07FF-407B-8CDA-A92039509D1C}.Release|Mixed Platforms.ActiveCfg = Release|Any CPU
		{0804BD51-07FF-407B-8CDA-A92039509D1C}.Release|Mixed Platforms.Build.0 = Release|Any CPU
		{0804BD51-07FF-407B-8CDA-A92039509D1C}.Release|Windows Phone.ActiveCfg = Release|Any CPU
		{0804BD51-07FF-407B-8CDA-A92039509D1C}.Release|x64.ActiveCfg = Release|Any CPU
		{0804BD51-07FF-407B-8CDA-A92039509D1C}.Release|x86.ActiveCfg = Release|Any CPU
	EndGlobalSection
	GlobalSection(SolutionProperties) = preSolution
		HideSolutionNode = FALSE
	EndGlobalSection
	GlobalSection(NestedProjects) = preSolution
		{210B55C2-AB15-4EAC-A9B6-51A766A40BD0} = {E2E6A6A8-5342-4850-A86E-6B1E153EBABC}
	EndGlobalSection
EndGlobal
