
Microsoft Visual Studio Solution File, Format Version 12.00
# Visual Studio 2012
Project("{FAE04EC0-301F-11D3-BF4B-00C04F79EFBC}") = "AdRotatorUnitySDK.Assets", "AdRotatorUnitySDK.Assets\AdRotatorUnitySDK.Assets.csproj", "{715C557A-C00F-4471-892D-84B988DEC86A}"
EndProject
Global
	GlobalSection(SolutionConfigurationPlatforms) = preSolution
		Debug|Any CPU = Debug|Any CPU
		Debug|ARM = Debug|ARM
		Debug|x64 = Debug|x64
		Debug|x86 = Debug|x86
		Release|Any CPU = Release|Any CPU
		Release|ARM = Release|ARM
		Release|x64 = Release|x64
		Release|x86 = Release|x86
	EndGlobalSection
	GlobalSection(ProjectConfigurationPlatforms) = postSolution
		{715C557A-C00F-4471-892D-84B988DEC86A}.Debug|Any CPU.ActiveCfg = Debug|Any CPU
		{715C557A-C00F-4471-892D-84B988DEC86A}.Debug|Any CPU.Build.0 = Debug|Any CPU
		{715C557A-C00F-4471-892D-84B988DEC86A}.Debug|ARM.ActiveCfg = Debug|Any CPU
		{715C557A-C00F-4471-892D-84B988DEC86A}.Debug|x64.ActiveCfg = Debug|Any CPU
		{715C557A-C00F-4471-892D-84B988DEC86A}.Debug|x86.ActiveCfg = Debug|Any CPU
		{715C557A-C00F-4471-892D-84B988DEC86A}.Release|Any CPU.ActiveCfg = Release|Any CPU
		{715C557A-C00F-4471-892D-84B988DEC86A}.Release|Any CPU.Build.0 = Release|Any CPU
		{715C557A-C00F-4471-892D-84B988DEC86A}.Release|ARM.ActiveCfg = Release|Any CPU
		{715C557A-C00F-4471-892D-84B988DEC86A}.Release|x64.ActiveCfg = Release|Any CPU
		{715C557A-C00F-4471-892D-84B988DEC86A}.Release|x86.ActiveCfg = Release|Any CPU
	EndGlobalSection
	GlobalSection(SolutionProperties) = preSolution
		HideSolutionNode = FALSE
	EndGlobalSection
EndGlobal
